
Microsoft Visual Studio Solution File, Format Version 12.00
# Visual Studio Version 16
VisualStudioVersion = 16.0.29025.244
MinimumVisualStudioVersion = 10.0.40219.1
Project("{FAE04EC0-301F-11D3-BF4B-00C04F79EFBC}") = "Account Manager", "Account_Manager\Account Manager.csproj", "{2A4203F2-7998-459C-8F6A-092009B11763}"
EndProject
Global
	GlobalSection(SolutionConfigurationPlatforms) = preSolution
		Debug|Any CPU = Debug|Any CPU
		Release|Any CPU = Release|Any CPU
	EndGlobalSection
	GlobalSection(ProjectConfigurationPlatforms) = postSolution
		{2A4203F2-7998-459C-8F6A-092009B11763}.Debug|Any CPU.ActiveCfg = Debug|Any CPU
		{2A4203F2-7998-459C-8F6A-092009B11763}.Debug|Any CPU.Build.0 = Debug|Any CPU
		{2A4203F2-7998-459C-8F6A-092009B11763}.Release|Any CPU.ActiveCfg = Release|Any CPU
		{2A4203F2-7998-459C-8F6A-092009B11763}.Release|Any CPU.Build.0 = Release|Any CPU
	EndGlobalSection
	GlobalSection(SolutionProperties) = preSolution
		HideSolutionNode = FALSE
	EndGlobalSection
	GlobalSection(ExtensibilityGlobals) = postSolution
		SolutionGuid = {C0B9FAE4-3B07-4D10-BB21-219E8C6E0D73}
	EndGlobalSection
EndGlobal
